
Microsoft Visual Studio Solution File, Format Version 12.00
# Visual Studio 14
VisualStudioVersion = 14.0.25420.1
MinimumVisualStudioVersion = 10.0.40219.1
Project("{FAE04EC0-301F-11D3-BF4B-00C04F79EFBC}") = "Angular2.Web", "Angular2.Web\Angular2.Web.csproj", "{7A59C120-83AB-40C7-84E1-042440BBBC55}"
EndProject
Project("{FAE04EC0-301F-11D3-BF4B-00C04F79EFBC}") = "Angular2.Core", "Angular2.Core\Angular2.Core.csproj", "{7175FC57-CDA3-4FEB-A2CC-B8D297F9E8B5}"
EndProject
Global
	GlobalSection(SolutionConfigurationPlatforms) = preSolution
		Debug|Any CPU = Debug|Any CPU
		Release|Any CPU = Release|Any CPU
	EndGlobalSection
	GlobalSection(ProjectConfigurationPlatforms) = postSolution
		{7A59C120-83AB-40C7-84E1-042440BBBC55}.Debug|Any CPU.ActiveCfg = Debug|Any CPU
		{7A59C120-83AB-40C7-84E1-042440BBBC55}.Debug|Any CPU.Build.0 = Debug|Any CPU
		{7A59C120-83AB-40C7-84E1-042440BBBC55}.Release|Any CPU.ActiveCfg = Release|Any CPU
		{7A59C120-83AB-40C7-84E1-042440BBBC55}.Release|Any CPU.Build.0 = Release|Any CPU
		{7175FC57-CDA3-4FEB-A2CC-B8D297F9E8B5}.Debug|Any CPU.ActiveCfg = Debug|Any CPU
		{7175FC57-CDA3-4FEB-A2CC-B8D297F9E8B5}.Debug|Any CPU.Build.0 = Debug|Any CPU
		{7175FC57-CDA3-4FEB-A2CC-B8D297F9E8B5}.Release|Any CPU.ActiveCfg = Release|Any CPU
		{7175FC57-CDA3-4FEB-A2CC-B8D297F9E8B5}.Release|Any CPU.Build.0 = Release|Any CPU
	EndGlobalSection
	GlobalSection(SolutionProperties) = preSolution
		HideSolutionNode = FALSE
	EndGlobalSection
EndGlobal
